
Microsoft Visual Studio Solution File, Format Version 12.00
# Visual Studio Version 17
VisualStudioVersion = 17.7.34221.43
MinimumVisualStudioVersion = 10.0.40219.1
Project("{FAE04EC0-301F-11D3-BF4B-00C04F79EFBC}") = "Bus", "Bus\Bus.csproj", "{5001C75B-2D19-4A68-AB31-07E326DFC535}"
EndProject
Global
	GlobalSection(SolutionConfigurationPlatforms) = preSolution
		Debug|Any CPU = Debug|Any CPU
		Release|Any CPU = Release|Any CPU
	EndGlobalSection
	GlobalSection(ProjectConfigurationPlatforms) = postSolution
		{5001C75B-2D19-4A68-AB31-07E326DFC535}.Debug|Any CPU.ActiveCfg = Debug|Any CPU
		{5001C75B-2D19-4A68-AB31-07E326DFC535}.Debug|Any CPU.Build.0 = Debug|Any CPU
		{5001C75B-2D19-4A68-AB31-07E326DFC535}.Release|Any CPU.ActiveCfg = Release|Any CPU
		{5001C75B-2D19-4A68-AB31-07E326DFC535}.Release|Any CPU.Build.0 = Release|Any CPU
	EndGlobalSection
	GlobalSection(SolutionProperties) = preSolution
		HideSolutionNode = FALSE
	EndGlobalSection
	GlobalSection(ExtensibilityGlobals) = postSolution
		SolutionGuid = {667FB0F6-A3E2-4218-92E3-158BD69937B5}
	EndGlobalSection
EndGlobal
